{
  "name": "cleanllmjson",
  "version": "1.0.1",
  "lockfileVersion": 3,
  "requires": true,
  "packages": {
    "": {
      "name": "cleanllmjson",
      "version": "1.0.1",
      "license": "MIT",
      "dependencies": {
        "cleanllmjson": "file:"
      }
    },
    "node_modules/cleanllmjson": {
      "resolved": "",
      "link": true
    }
  }
}
